
Microsoft Visual Studio Solution File, Format Version 12.00
# Visual Studio 16
Project("{FAE04EC0-301F-11D3-BF4B-00C04F79EFBC}") = "Assembly-CSharp", "Assembly-CSharp.csproj", "{715FEB11-03ED-3C1F-B0A4-7410A29C7AF5}"
EndProject
Project("{FAE04EC0-301F-11D3-BF4B-00C04F79EFBC}") = "Assembly-CSharp-firstpass", "Assembly-CSharp-firstpass.csproj", "{035D0A52-3F54-3B0A-EEF0-D97DB03E90A4}"
EndProject
Project("{FAE04EC0-301F-11D3-BF4B-00C04F79EFBC}") = "Nobi.UiRoundedCorners", "Nobi.UiRoundedCorners.csproj", "{BA4E7051-938B-C7CB-ED86-6F1ADEA62F83}"
EndProject
Project("{FAE04EC0-301F-11D3-BF4B-00C04F79EFBC}") = "Assembly-CSharp-Editor", "Assembly-CSharp-Editor.csproj", "{6D310A52-F604-88FD-D6C5-4DD59D78663E}"
EndProject
Global
	GlobalSection(SolutionConfigurationPlatforms) = preSolution
		Debug|Any CPU = Debug|Any CPU
		Release|Any CPU = Release|Any CPU
	EndGlobalSection
	GlobalSection(ProjectConfigurationPlatforms) = postSolution
		{715FEB11-03ED-3C1F-B0A4-7410A29C7AF5}.Debug|Any CPU.ActiveCfg = Debug|Any CPU
		{715FEB11-03ED-3C1F-B0A4-7410A29C7AF5}.Debug|Any CPU.Build.0 = Debug|Any CPU
		{715FEB11-03ED-3C1F-B0A4-7410A29C7AF5}.Release|Any CPU.ActiveCfg = Release|Any CPU
		{715FEB11-03ED-3C1F-B0A4-7410A29C7AF5}.Release|Any CPU.Build.0 = Release|Any CPU
		{035D0A52-3F54-3B0A-EEF0-D97DB03E90A4}.Debug|Any CPU.ActiveCfg = Debug|Any CPU
		{035D0A52-3F54-3B0A-EEF0-D97DB03E90A4}.Debug|Any CPU.Build.0 = Debug|Any CPU
		{035D0A52-3F54-3B0A-EEF0-D97DB03E90A4}.Release|Any CPU.ActiveCfg = Release|Any CPU
		{035D0A52-3F54-3B0A-EEF0-D97DB03E90A4}.Release|Any CPU.Build.0 = Release|Any CPU
		{BA4E7051-938B-C7CB-ED86-6F1ADEA62F83}.Debug|Any CPU.ActiveCfg = Debug|Any CPU
		{BA4E7051-938B-C7CB-ED86-6F1ADEA62F83}.Debug|Any CPU.Build.0 = Debug|Any CPU
		{BA4E7051-938B-C7CB-ED86-6F1ADEA62F83}.Release|Any CPU.ActiveCfg = Release|Any CPU
		{BA4E7051-938B-C7CB-ED86-6F1ADEA62F83}.Release|Any CPU.Build.0 = Release|Any CPU
		{6D310A52-F604-88FD-D6C5-4DD59D78663E}.Debug|Any CPU.ActiveCfg = Debug|Any CPU
		{6D310A52-F604-88FD-D6C5-4DD59D78663E}.Debug|Any CPU.Build.0 = Debug|Any CPU
		{6D310A52-F604-88FD-D6C5-4DD59D78663E}.Release|Any CPU.ActiveCfg = Release|Any CPU
		{6D310A52-F604-88FD-D6C5-4DD59D78663E}.Release|Any CPU.Build.0 = Release|Any CPU
	EndGlobalSection
	GlobalSection(SolutionProperties) = preSolution
		HideSolutionNode = FALSE
	EndGlobalSection
	GlobalSection(MonoDevelopProperties) = preSolution
		StartupItem = Assembly-CSharp.csproj
	EndGlobalSection
EndGlobal
