
Microsoft Visual Studio Solution File, Format Version 11.00
# Visual Studio 2010
Project("{FAE04EC0-301F-11D3-BF4B-00C04F79EFBC}") = "Main", "Main.csproj", "{858c4f7a-1565-f78e-dcd9-8afd7f774a8d}"
EndProject
Project("{FAE04EC0-301F-11D3-BF4B-00C04F79EFBC}") = "LiteNetLib", "LiteNetLib.csproj", "{70dbcc3d-468a-7b53-95c3-f388f6d81597}"
EndProject
Project("{FAE04EC0-301F-11D3-BF4B-00C04F79EFBC}") = "Tests", "Tests.csproj", "{2bbaf7f3-7fb3-9dad-56ed-d77c857e16e7}"
EndProject
Project("{FAE04EC0-301F-11D3-BF4B-00C04F79EFBC}") = "Plugins", "Plugins.csproj", "{5a93d2e8-5187-efa6-e448-6343b5c9687f}"
EndProject
Project("{FAE04EC0-301F-11D3-BF4B-00C04F79EFBC}") = "Nobi.UiRoundedCorners", "Nobi.UiRoundedCorners.csproj", "{e4748aaa-cc8b-9e27-641e-886d217d97e6}"
EndProject
Project("{FAE04EC0-301F-11D3-BF4B-00C04F79EFBC}") = "Intersections", "Intersections.csproj", "{c68e6dcf-0176-53b3-2e66-5624eaf0b3b8}"
EndProject
Project("{FAE04EC0-301F-11D3-BF4B-00C04F79EFBC}") = "FileBrowser", "FileBrowser.csproj", "{ee244c23-861a-a61b-a99e-5237e7fc05bf}"
EndProject
Project("{FAE04EC0-301F-11D3-BF4B-00C04F79EFBC}") = "Input", "Input.csproj", "{a7178795-02e4-f135-a039-a2f45fb223ce}"
EndProject
Project("{FAE04EC0-301F-11D3-BF4B-00C04F79EFBC}") = "Assembly-CSharp-Editor", "Assembly-CSharp-Editor.csproj", "{378e6a87-2aaa-7eb7-5f5c-a5091d2c7c51}"
EndProject
Global
	GlobalSection(SolutionConfigurationPlatforms) = preSolution
		Debug|Any CPU = Debug|Any CPU
	EndGlobalSection
	GlobalSection(ProjectConfigurationPlatforms) = postSolution
		{858c4f7a-1565-f78e-dcd9-8afd7f774a8d}.Debug|Any CPU.ActiveCfg = Debug|Any CPU
		{858c4f7a-1565-f78e-dcd9-8afd7f774a8d}.Debug|Any CPU.Build.0 = Debug|Any CPU
		{70dbcc3d-468a-7b53-95c3-f388f6d81597}.Debug|Any CPU.ActiveCfg = Debug|Any CPU
		{70dbcc3d-468a-7b53-95c3-f388f6d81597}.Debug|Any CPU.Build.0 = Debug|Any CPU
		{2bbaf7f3-7fb3-9dad-56ed-d77c857e16e7}.Debug|Any CPU.ActiveCfg = Debug|Any CPU
		{2bbaf7f3-7fb3-9dad-56ed-d77c857e16e7}.Debug|Any CPU.Build.0 = Debug|Any CPU
		{5a93d2e8-5187-efa6-e448-6343b5c9687f}.Debug|Any CPU.ActiveCfg = Debug|Any CPU
		{5a93d2e8-5187-efa6-e448-6343b5c9687f}.Debug|Any CPU.Build.0 = Debug|Any CPU
		{e4748aaa-cc8b-9e27-641e-886d217d97e6}.Debug|Any CPU.ActiveCfg = Debug|Any CPU
		{e4748aaa-cc8b-9e27-641e-886d217d97e6}.Debug|Any CPU.Build.0 = Debug|Any CPU
		{c68e6dcf-0176-53b3-2e66-5624eaf0b3b8}.Debug|Any CPU.ActiveCfg = Debug|Any CPU
		{c68e6dcf-0176-53b3-2e66-5624eaf0b3b8}.Debug|Any CPU.Build.0 = Debug|Any CPU
		{ee244c23-861a-a61b-a99e-5237e7fc05bf}.Debug|Any CPU.ActiveCfg = Debug|Any CPU
		{ee244c23-861a-a61b-a99e-5237e7fc05bf}.Debug|Any CPU.Build.0 = Debug|Any CPU
		{a7178795-02e4-f135-a039-a2f45fb223ce}.Debug|Any CPU.ActiveCfg = Debug|Any CPU
		{a7178795-02e4-f135-a039-a2f45fb223ce}.Debug|Any CPU.Build.0 = Debug|Any CPU
		{378e6a87-2aaa-7eb7-5f5c-a5091d2c7c51}.Debug|Any CPU.ActiveCfg = Debug|Any CPU
		{378e6a87-2aaa-7eb7-5f5c-a5091d2c7c51}.Debug|Any CPU.Build.0 = Debug|Any CPU
	EndGlobalSection
	GlobalSection(SolutionProperties) = preSolution
		HideSolutionNode = FALSE
	EndGlobalSection
EndGlobal
